
Microsoft Visual Studio Solution File, Format Version 12.00
# Visual Studio Version 16
VisualStudioVersion = 16.0.29230.47
MinimumVisualStudioVersion = 10.0.40219.1
Project("{FAE04EC0-301F-11D3-BF4B-00C04F79EFBC}") = "GetTogether", "GetTogether\GetTogether.csproj", "{292E3FEB-4981-46BE-95FA-09E33C877211}"
EndProject
Global
	GlobalSection(SolutionConfigurationPlatforms) = preSolution
		Debug|Any CPU = Debug|Any CPU
		Release|Any CPU = Release|Any CPU
	EndGlobalSection
	GlobalSection(ProjectConfigurationPlatforms) = postSolution
		{292E3FEB-4981-46BE-95FA-09E33C877211}.Debug|Any CPU.ActiveCfg = Debug|Any CPU
		{292E3FEB-4981-46BE-95FA-09E33C877211}.Debug|Any CPU.Build.0 = Debug|Any CPU
		{292E3FEB-4981-46BE-95FA-09E33C877211}.Release|Any CPU.ActiveCfg = Release|Any CPU
		{292E3FEB-4981-46BE-95FA-09E33C877211}.Release|Any CPU.Build.0 = Release|Any CPU
	EndGlobalSection
	GlobalSection(SolutionProperties) = preSolution
		HideSolutionNode = FALSE
	EndGlobalSection
	GlobalSection(ExtensibilityGlobals) = postSolution
		SolutionGuid = {90E1C163-9254-41A0-A6A1-01902E33C987}
	EndGlobalSection
EndGlobal
